
Microsoft Visual Studio Solution File, Format Version 12.00
# Visual Studio Version 16
VisualStudioVersion = 16.0.30907.101
MinimumVisualStudioVersion = 10.0.40219.1
Project("{FAE04EC0-301F-11D3-BF4B-00C04F79EFBC}") = "SportsStore.WebUI", "SportsStore.WebUI\SportsStore.WebUI.csproj", "{39C6B893-965C-4CBD-89AE-4726A56F9A02}"
EndProject
Project("{FAE04EC0-301F-11D3-BF4B-00C04F79EFBC}") = "SportsStore.Tests", "SportsStore.Tests\SportsStore.Tests.csproj", "{5AB7CE03-6406-4D72-83DB-6F9E9BBD1B52}"
EndProject
Project("{FAE04EC0-301F-11D3-BF4B-00C04F79EFBC}") = "SportsStore.Domain", "SportsStore.Domain\SportsStore.Domain.csproj", "{7CB91F71-5307-4935-9D13-48E4EA3A8B26}"
EndProject
Global
	GlobalSection(SolutionConfigurationPlatforms) = preSolution
		Debug|Any CPU = Debug|Any CPU
		Release|Any CPU = Release|Any CPU
	EndGlobalSection
	GlobalSection(ProjectConfigurationPlatforms) = postSolution
		{39C6B893-965C-4CBD-89AE-4726A56F9A02}.Debug|Any CPU.ActiveCfg = Debug|Any CPU
		{39C6B893-965C-4CBD-89AE-4726A56F9A02}.Debug|Any CPU.Build.0 = Debug|Any CPU
		{39C6B893-965C-4CBD-89AE-4726A56F9A02}.Release|Any CPU.ActiveCfg = Release|Any CPU
		{39C6B893-965C-4CBD-89AE-4726A56F9A02}.Release|Any CPU.Build.0 = Release|Any CPU
		{5AB7CE03-6406-4D72-83DB-6F9E9BBD1B52}.Debug|Any CPU.ActiveCfg = Debug|Any CPU
		{5AB7CE03-6406-4D72-83DB-6F9E9BBD1B52}.Debug|Any CPU.Build.0 = Debug|Any CPU
		{5AB7CE03-6406-4D72-83DB-6F9E9BBD1B52}.Release|Any CPU.ActiveCfg = Release|Any CPU
		{5AB7CE03-6406-4D72-83DB-6F9E9BBD1B52}.Release|Any CPU.Build.0 = Release|Any CPU
		{7CB91F71-5307-4935-9D13-48E4EA3A8B26}.Debug|Any CPU.ActiveCfg = Debug|Any CPU
		{7CB91F71-5307-4935-9D13-48E4EA3A8B26}.Debug|Any CPU.Build.0 = Debug|Any CPU
		{7CB91F71-5307-4935-9D13-48E4EA3A8B26}.Release|Any CPU.ActiveCfg = Release|Any CPU
		{7CB91F71-5307-4935-9D13-48E4EA3A8B26}.Release|Any CPU.Build.0 = Release|Any CPU
	EndGlobalSection
	GlobalSection(SolutionProperties) = preSolution
		HideSolutionNode = FALSE
	EndGlobalSection
	GlobalSection(ExtensibilityGlobals) = postSolution
		SolutionGuid = {22960406-2866-41A9-B498-56CD0E1F2CDF}
	EndGlobalSection
EndGlobal
